# This file is automatically @generated by Cargo.
# It is not intended for manual editing.
version = 4

[[package]]
name = "nonos_hd"
version = "0.3.0"

[[package]]
name = "nonos_seal"
version = "0.3.0"

[[package]]
name = "nonos_vault"
version = "0.1.0"
dependencies = [
 "nonos_hd",
 "nonos_seal",
]
