# This file is automatically @generated by Cargo.
# It is not intended for manual editing.
version = 4

[[package]]
name = "nonos_devmodel"
version = "0.1.0"

[[package]]
name = "xhci_proofs"
version = "0.3.0"
dependencies = [
 "nonos_devmodel",
 "xhci_proofs_libc_shim",
]

[[package]]
name = "xhci_proofs_libc_shim"
version = "0.1.0"
