# This file is automatically @generated by Cargo.
# It is not intended for manual editing.
version = 4

[[package]]
name = "i2c_proofs_libc_shim"
version = "0.1.0"

[[package]]
name = "i2c_transfer_proofs"
version = "0.1.0"
dependencies = [
 "i2c_proofs_libc_shim",
 "nonos_i2cmodel",
]

[[package]]
name = "nonos_i2cmodel"
version = "0.1.0"
