# This file is automatically @generated by Cargo.
# It is not intended for manual editing.
version = 4

[[package]]
name = "nonos-abi"
version = "0.1.0"

[[package]]
name = "nonos-desktop"
version = "0.1.0"
dependencies = [
 "nonos-abi",
 "nonos-ipc",
 "nonos-service",
]

[[package]]
name = "nonos-ipc"
version = "0.1.0"
dependencies = [
 "nonos-abi",
]

[[package]]
name = "nonos-service"
version = "0.1.0"
dependencies = [
 "nonos-abi",
]
