# This file is automatically @generated by Cargo.
# It is not intended for manual editing.
version = 4

[[package]]
name = "nonos_nox_broker"
version = "0.1.0"
dependencies = [
 "nonos_nox_license",
 "nonos_nox_receipt",
]

[[package]]
name = "nonos_nox_license"
version = "0.1.0"

[[package]]
name = "nonos_nox_receipt"
version = "0.1.0"
